version = 1
revision = 3
requires-python = ">=3.13"

[[package]]
name = "fastcube"
version = "0.1.0"
source = { virtual = "." }
dependencies = [
    { name = "maturin" },
]

[package.metadata]
requires-dist = [{ name = "maturin", specifier = ">=1.12.6" }]

[[package]]
name = "maturin"
version = "1.12.6"
source = { registry = "https://pypi.org/simple" }
sdist = { url = "https://files.pythonhosted.org/packages/0c/18/8b2eebd3ea086a5ec73d7081f95ec64918ceda1900075902fc296ea3ad55/maturin-1.12.6.tar.gz", hash = "sha256:d37be3a811a7f2ee28a0fa0964187efa50e90f21da0c6135c27787fa0b6a89db", size = 269165, upload-time = "2026-03-01T14:54:04.21Z" }
wheels = [
    { url = "https://files.pythonhosted.org/packages/71/8b/9ddfde8a485489e3ebdc50ee3042ef1c854f00dfea776b951068f6ffe451/maturin-1.12.6-py3-none-linux_armv6l.whl", hash = "sha256:6892b4176992fcc143f9d1c1c874a816e9a041248eef46433db87b0f0aff4278", size = 9789847, upload-time = "2026-03-01T14:54:09.172Z" },
    { url = "https://files.pythonhosted.org/packages/ef/e8/5f7fd3763f214a77ac0388dbcc71cc30aec5490016bd0c8e6bd729fc7b0a/maturin-1.12.6-py3-none-macosx_10_12_x86_64.macosx_11_0_arm64.macosx_10_12_universal2.whl", hash = "sha256:c0c742beeeef7fb93b6a81bd53e75507887e396fd1003c45117658d063812dad", size = 19023833, upload-time = "2026-03-01T14:53:46.743Z" },
    { url = "https://files.pythonhosted.org/packages/e0/7f/706ff3839c8b2046436d4c2bc97596c558728264d18abc298a1ad862a4be/maturin-1.12.6-py3-none-macosx_10_12_x86_64.whl", hash = "sha256:2cb41139295eed6411d3cdafc7430738094c2721f34b7eeb44f33cac516115dc", size = 9821620, upload-time = "2026-03-01T14:54:12.04Z" },
    { url = "https://files.pythonhosted.org/packages/0e/9c/70917fb123c8dd6b595e913616c9c72d730cbf4a2b6cac8077dc02a12586/maturin-1.12.6-py3-none-manylinux_2_12_i686.manylinux2010_i686.musllinux_1_1_i686.whl", hash = "sha256:351f3af1488a7cbdcff3b6d8482c17164273ac981378a13a4a9937a49aec7d71", size = 9849107, upload-time = "2026-03-01T14:53:48.971Z" },
    { url = "https://files.pythonhosted.org/packages/59/ea/f1d6ad95c0a12fbe761a7c28a57540341f188564dbe8ad730a4d1788cd32/maturin-1.12.6-py3-none-manylinux_2_12_x86_64.manylinux2010_x86_64.musllinux_1_1_x86_64.whl", hash = "sha256:6dbddfe4dc7ddee60bbac854870bd7cfec660acb54d015d24597d59a1c828f61", size = 10242855, upload-time = "2026-03-01T14:53:44.605Z" },
    { url = "https://files.pythonhosted.org/packages/93/1b/2419843a4f1d2fb4747f3dc3d9c4a2881cd97a3274dd94738fcdf0835e79/maturin-1.12.6-py3-none-manylinux_2_17_aarch64.manylinux2014_aarch64.musllinux_1_1_aarch64.whl", hash = "sha256:8fdb0f63e77ee3df0f027a120e9af78dbc31edf0eb0f263d55783c250c33b728", size = 9674972, upload-time = "2026-03-01T14:53:52.763Z" },
    { url = "https://files.pythonhosted.org/packages/71/46/b60ab2fc996d904b40e55bd475599dcdccd8f7ad3e649bf95e87970df466/maturin-1.12.6-py3-none-manylinux_2_17_armv7l.manylinux2014_armv7l.musllinux_1_1_armv7l.whl", hash = "sha256:fa84b7493a2e80759cacc2e668fa5b444d55b9994e90707c42904f55d6322c1e", size = 9645755, upload-time = "2026-03-01T14:53:58.497Z" },
    { url = "https://files.pythonhosted.org/packages/a4/96/03f2b55a8c226805115232fc23c4a4f33f0c9d39e11efab8166dc440f80d/maturin-1.12.6-py3-none-manylinux_2_17_ppc64le.manylinux2014_ppc64le.musllinux_1_1_ppc64le.whl", hash = "sha256:e90dc12bc6a38e9495692a36c9e231c4d7e0c9bfde60719468ab7d8673db3c45", size = 12737612, upload-time = "2026-03-01T14:54:05.393Z" },
    { url = "https://files.pythonhosted.org/packages/2b/c2/648667022c5b53cdccefa67c245e8a984970f3045820f00c2e23bdb2aff4/maturin-1.12.6-py3-none-manylinux_2_17_s390x.manylinux2014_s390x.whl", hash = "sha256:06fc8d089f98623ce924c669b70911dfed30f9a29956c362945f727f9abc546b", size = 10455028, upload-time = "2026-03-01T14:54:07.349Z" },
    { url = "https://files.pythonhosted.org/packages/63/d6/5b5efe3ca0c043357ed3f8d2b2d556169fdbf1ff75e50e8e597708a359d2/maturin-1.12.6-py3-none-manylinux_2_31_riscv64.musllinux_1_1_riscv64.whl", hash = "sha256:75133e56274d43b9227fd49dca9a86e32f1fd56a7b55544910c4ce978c2bb5aa", size = 10014531, upload-time = "2026-03-01T14:53:54.548Z" },
    { url = "https://files.pythonhosted.org/packages/68/d5/39c594c27b1a8b32a0cb95fff9ad60b888c4352d1d1c389ac1bd20dc1e16/maturin-1.12.6-py3-none-win32.whl", hash = "sha256:3f32e0a3720b81423c9d35c14e728cb1f954678124749776dc72d533ea1115e8", size = 8553012, upload-time = "2026-03-01T14:53:50.706Z" },
    { url = "https://files.pythonhosted.org/packages/94/66/b262832a91747e04051e21f986bd01a8af81fbffafacc7d66a11e79aab5f/maturin-1.12.6-py3-none-win_amd64.whl", hash = "sha256:977290159d252db946054a0555263c59b3d0c7957135c69e690f4b1558ee9983", size = 9890470, upload-time = "2026-03-01T14:53:56.659Z" },
    { url = "https://files.pythonhosted.org/packages/e3/47/76b8ca470ddc8d7d36aa8c15f5a6aed1841806bb93a0f4ead8ee61e9a088/maturin-1.12.6-py3-none-win_arm64.whl", hash = "sha256:bae91976cdc8148038e13c881e1e844e5c63e58e026e8b9945aa2d19b3b4ae89", size = 8606158, upload-time = "2026-03-01T14:54:02.423Z" },
]
